# This file is automatically @generated by Cargo.
# It is not intended for manual editing.
version = 3

[[package]]
name = "aul"
version = "1.3.2"
source = "registry+https://github.com/rust-lang/crates.io-index"
checksum = "48103b545ed39da9a31be4052d18b456af8783a5ee27b9e923aadf3a8f5a5c6b"
dependencies = [
 "colored",
]

[[package]]
name = "colored"
version = "2.1.0"
source = "registry+https://github.com/rust-lang/crates.io-index"
checksum = "cbf2150cce219b664a8a70df7a1f933836724b503f8a413af9365b4dcc4d90b8"
dependencies = [
 "lazy_static",
 "windows-sys",
]

[[package]]
name = "lazy_static"
version = "1.4.0"
source = "registry+https://github.com/rust-lang/crates.io-index"
checksum = "e2abad23fbc42b3700f2f279844dc832adb2b2eb069b2df918f455c4e18cc646"

[[package]]
name = "wbdl"
version = "1.2.0"
source = "registry+https://github.com/rust-lang/crates.io-index"
checksum = "1d5b93b3c3ff77fa49ee56a460bcd57a33c65d3da629c5688fedec821e6ada5d"

[[package]]
name = "wbsl"
version = "0.1.0"
source = "registry+https://github.com/rust-lang/crates.io-index"
checksum = "4233bc743575ca469618042a461e8c881f991f09d65a9342f040baa7692af618"
dependencies = [
 "aul",
 "wbdl",
 "whdp",
 "wjp",
]

[[package]]
name = "whdp"
version = "1.2.0"
source = "registry+https://github.com/rust-lang/crates.io-index"
checksum = "3699b61ff0931348e3173b9ee161f8714fd3efe256006ca3bb60ee7cadb07ebe"
dependencies = [
 "wjp",
]

[[package]]
name = "wimc"
version = "0.1.0"
dependencies = [
 "aul",
 "wbdl",
 "wbsl",
 "whdp",
 "wimcm",
 "wjp",
]

[[package]]
name = "wimcm"
version = "0.2.6"
source = "registry+https://github.com/rust-lang/crates.io-index"
checksum = "616309768622d23da2e173da2c7c470ed450d0e5f7b76ab54e3acb7930dad0e8"
dependencies = [
 "wbdl",
 "wjp",
]

[[package]]
name = "windows-sys"
version = "0.48.0"
source = "registry+https://github.com/rust-lang/crates.io-index"
checksum = "677d2418bec65e3338edb076e806bc1ec15693c5d0104683f2efe857f61056a9"
dependencies = [
 "windows-targets",
]

[[package]]
name = "windows-targets"
version = "0.48.5"
source = "registry+https://github.com/rust-lang/crates.io-index"
checksum = "9a2fa6e2155d7247be68c096456083145c183cbbbc2764150dda45a87197940c"
dependencies = [
 "windows_aarch64_gnullvm",
 "windows_aarch64_msvc",
 "windows_i686_gnu",
 "windows_i686_msvc",
 "windows_x86_64_gnu",
 "windows_x86_64_gnullvm",
 "windows_x86_64_msvc",
]

[[package]]
name = "windows_aarch64_gnullvm"
version = "0.48.5"
source = "registry+https://github.com/rust-lang/crates.io-index"
checksum = "2b38e32f0abccf9987a4e3079dfb67dcd799fb61361e53e2882c3cbaf0d905d8"

[[package]]
name = "windows_aarch64_msvc"
version = "0.48.5"
source = "registry+https://github.com/rust-lang/crates.io-index"
checksum = "dc35310971f3b2dbbf3f0690a219f40e2d9afcf64f9ab7cc1be722937c26b4bc"

[[package]]
name = "windows_i686_gnu"
version = "0.48.5"
source = "registry+https://github.com/rust-lang/crates.io-index"
checksum = "a75915e7def60c94dcef72200b9a8e58e5091744960da64ec734a6c6e9b3743e"

[[package]]
name = "windows_i686_msvc"
version = "0.48.5"
source = "registry+https://github.com/rust-lang/crates.io-index"
checksum = "8f55c233f70c4b27f66c523580f78f1004e8b5a8b659e05a4eb49d4166cca406"

[[package]]
name = "windows_x86_64_gnu"
version = "0.48.5"
source = "registry+https://github.com/rust-lang/crates.io-index"
checksum = "53d40abd2583d23e4718fddf1ebec84dbff8381c07cae67ff7768bbf19c6718e"

[[package]]
name = "windows_x86_64_gnullvm"
version = "0.48.5"
source = "registry+https://github.com/rust-lang/crates.io-index"
checksum = "0b7b52767868a23d5bab768e390dc5f5c55825b6d30b86c844ff2dc7414044cc"

[[package]]
name = "windows_x86_64_msvc"
version = "0.48.5"
source = "registry+https://github.com/rust-lang/crates.io-index"
checksum = "ed94fce61571a4006852b7389a063ab983c02eb1bb37b47f8272ce92d06d9538"

[[package]]
name = "wjp"
version = "1.1.3"
source = "registry+https://github.com/rust-lang/crates.io-index"
checksum = "e4c2ee991b083bf67f70564b2430ac7d2cb2b2a51eb8aacd9111b8e977a6fe76"
